
Microsoft Visual Studio Solution File, Format Version 10.00
# Visual Studio 2008
Project("{FAE04EC0-301F-11D3-BF4B-00C04F79EFBC}") = "QLBH.Modules.BanHang", "..\QLBH.Win\Modules\BanHang\QLBH.Modules.BanHang.csproj", "{654DA1FC-54B2-486C-BDBB-EBC3FC4EB351}"
EndProject
Project("{FAE04EC0-301F-11D3-BF4B-00C04F79EFBC}") = "QLBH.Modules.BanHang.UnitTest", "..\QLBH.Win\Modules\BanHang\QLBH.Modules.BanHang.UnitTest.csproj", "{0D640927-7F14-4857-8005-925793624CB8}"
EndProject
Project("{FAE04EC0-301F-11D3-BF4B-00C04F79EFBC}") = "QLBH.Common", "..\..\Common\QLBH.Common\QLBH.Common.csproj", "{D8FDE99A-C8B2-4585-BBBA-D021ED285554}"
EndProject
Project("{FAE04EC0-301F-11D3-BF4B-00C04F79EFBC}") = "QLBH.Win", "..\..\Common\QLBH.Win\QLBH.Win.csproj", "{24595F7F-5145-4E0B-85EB-43306313EEBE}"
EndProject
Global
	GlobalSection(SolutionConfigurationPlatforms) = preSolution
		Debug|Any CPU = Debug|Any CPU
		Release|Any CPU = Release|Any CPU
	EndGlobalSection
	GlobalSection(ProjectConfigurationPlatforms) = postSolution
		{654DA1FC-54B2-486C-BDBB-EBC3FC4EB351}.Debug|Any CPU.ActiveCfg = Debug|Any CPU
		{654DA1FC-54B2-486C-BDBB-EBC3FC4EB351}.Debug|Any CPU.Build.0 = Debug|Any CPU
		{654DA1FC-54B2-486C-BDBB-EBC3FC4EB351}.Release|Any CPU.ActiveCfg = Release|Any CPU
		{654DA1FC-54B2-486C-BDBB-EBC3FC4EB351}.Release|Any CPU.Build.0 = Release|Any CPU
		{0D640927-7F14-4857-8005-925793624CB8}.Debug|Any CPU.ActiveCfg = Debug|Any CPU
		{0D640927-7F14-4857-8005-925793624CB8}.Release|Any CPU.ActiveCfg = Release|Any CPU
		{D8FDE99A-C8B2-4585-BBBA-D021ED285554}.Debug|Any CPU.ActiveCfg = Debug|Any CPU
		{D8FDE99A-C8B2-4585-BBBA-D021ED285554}.Debug|Any CPU.Build.0 = Debug|Any CPU
		{D8FDE99A-C8B2-4585-BBBA-D021ED285554}.Release|Any CPU.ActiveCfg = Release|Any CPU
		{D8FDE99A-C8B2-4585-BBBA-D021ED285554}.Release|Any CPU.Build.0 = Release|Any CPU
		{24595F7F-5145-4E0B-85EB-43306313EEBE}.Debug|Any CPU.ActiveCfg = Debug|Any CPU
		{24595F7F-5145-4E0B-85EB-43306313EEBE}.Debug|Any CPU.Build.0 = Debug|Any CPU
		{24595F7F-5145-4E0B-85EB-43306313EEBE}.Release|Any CPU.ActiveCfg = Release|Any CPU
		{24595F7F-5145-4E0B-85EB-43306313EEBE}.Release|Any CPU.Build.0 = Release|Any CPU
	EndGlobalSection
	GlobalSection(SolutionProperties) = preSolution
		HideSolutionNode = FALSE
	EndGlobalSection
EndGlobal
